# Created by: SlyFox1186
# Profile: https://github.com/slyfox1186/

## Add YouTube RegEx Blacklists

^.*googlesyndication.*$
^beacons\.gv[a-z\d]+?\.com$
^[a-z\d]*googleusercontent\.com$
^[a-z\d]*\.l\.google.com$
^[a-z\d]{1,2}\.youtube\.com$
^[a-z\d]*\.gg[a-z\d]+?\.com$
^[a-z]{2}\.[a-z]\.google\.com$
^r[\d]*[-]{3}sn-.*googlevideo\.com$

## Standard Domains
clients.l.google.com
