# Created by: SlyFox1186
# Profile: https://github.com/slyfox1186/

# Add YouTube RegEx Blacklists
^.*clients\d\.youtube\.com$
^.*googlesyndication.*$
^beacons\.gv[a-z\d]+?\.com$
^clients\d\.google\.com$
^r[\d]*\.sn.*googlevideo\.com$
^[.]*googleusercontent\.com$
^[.]*\.l\.google.com$
^[a-z\d]{1,2}\.youtube\.com$
^[.]*\.gg[.]+\.com$
^[a-z]{2}\.[a-z]\.google\.com$

# Disabled

# ^.*yt.*com$
